
Microsoft Visual Studio Solution File, Format Version 12.00
# Visual Studio Version 17
VisualStudioVersion = 17.9.34728.123
MinimumVisualStudioVersion = 10.0.40219.1
Project("{FAE04EC0-301F-11D3-BF4B-00C04F79EFBC}") = "Bloggie.Web", "Bloggie.Web\Bloggie.Web.csproj", "{9F211E98-E8AF-4AD4-8370-776D1E4BE2F5}"
EndProject
Global
	GlobalSection(SolutionConfigurationPlatforms) = preSolution
		Debug|Any CPU = Debug|Any CPU
		Release|Any CPU = Release|Any CPU
	EndGlobalSection
	GlobalSection(ProjectConfigurationPlatforms) = postSolution
		{9F211E98-E8AF-4AD4-8370-776D1E4BE2F5}.Debug|Any CPU.ActiveCfg = Debug|Any CPU
		{9F211E98-E8AF-4AD4-8370-776D1E4BE2F5}.Debug|Any CPU.Build.0 = Debug|Any CPU
		{9F211E98-E8AF-4AD4-8370-776D1E4BE2F5}.Release|Any CPU.ActiveCfg = Release|Any CPU
		{9F211E98-E8AF-4AD4-8370-776D1E4BE2F5}.Release|Any CPU.Build.0 = Release|Any CPU
	EndGlobalSection
	GlobalSection(SolutionProperties) = preSolution
		HideSolutionNode = FALSE
	EndGlobalSection
	GlobalSection(ExtensibilityGlobals) = postSolution
		SolutionGuid = {DFB68DC4-B2E9-47B8-8D00-24E57FAD8778}
	EndGlobalSection
EndGlobal
